// !$*UTF8*$!
{
	archiveVersion = 1;
	classes = {
	};
	objectVersion = 50;
	objects = {

/* Begin PBXBuildFile section */
		3FEEB56B2213C269003D322E /* AppDelegate.swift in Sources */ = {isa = PBXBuildFile; fileRef = 3FEEB56A2213C269003D322E /* AppDelegate.swift */; };
		3FEEB56D2213C269003D322E /* ViewController.swift in Sources */ = {isa = PBXBuildFile; fileRef = 3FEEB56C2213C269003D322E /* ViewController.swift */; };
		3FEEB5702213C269003D322E /* Main.storyboard in Resources */ = {isa = PBXBuildFile; fileRef = 3FEEB56E2213C269003D322E /* Main.storyboard */; };
		3FEEB5722213C274003D322E /* Assets.xcassets in Resources */ = {isa = PBXBuildFile; fileRef = 3FEEB5712213C274003D322E /* Assets.xcassets */; };
		3FEEB5752213C274003D322E /* LaunchScreen.storyboard in Resources */ = {isa = PBXBuildFile; fileRef = 3FEEB5732213C274003D322E /* LaunchScreen.storyboard */; };
		3FEEB5802213C274003D322E /* flixterTests.swift in Sources */ = {isa = PBXBuildFile; fileRef = 3FEEB57F2213C274003D322E /* flixterTests.swift */; };
		3FEEB58B2213C274003D322E /* flixterUITests.swift in Sources */ = {isa = PBXBuildFile; fileRef = 3FEEB58A2213C274003D322E /* flixterUITests.swift */; };
/* End PBXBuildFile section */

/* Begin PBXContainerItemProxy section */
		3FEEB57C2213C274003D322E /* PBXContainerItemProxy */ = {
			isa = PBXContainerItemProxy;
			containerPortal = 3FEEB55F2213C269003D322E /* Project object */;
			proxyType = 1;
			remoteGlobalIDString = 3FEEB5662213C269003D322E;
			remoteInfo = flixter;
		};
		3FEEB5872213C274003D322E /* PBXContainerItemProxy */ = {
			isa = PBXContainerItemProxy;
			containerPortal = 3FEEB55F2213C269003D322E /* Project object */;
			proxyType = 1;
			remoteGlobalIDString = 3FEEB5662213C269003D322E;
			remoteInfo = flixter;
		};
/* End PBXContainerItemProxy section */

/* Begin PBXFileReference section */
		3FEEB5672213C269003D322E /* flixter.app */ = {isa = PBXFileReference; explicitFileType = wrapper.application; includeInIndex = 0; path = flixter.app; sourceTree = BUILT_PRODUCTS_DIR; };
		3FEEB56A2213C269003D322E /* AppDelegate.swift */ = {isa = PBXFileReference; lastKnownFileType = sourcecode.swift; path = AppDelegate.swift; sourceTree = "<group>"; };
		3FEEB56C2213C269003D322E /* ViewController.swift */ = {isa = PBXFileReference; lastKnownFileType = sourcecode.swift; path = ViewController.swift; sourceTree = "<group>"; };
		3FEEB56F2213C269003D322E /* Base */ = {isa = PBXFileReference; lastKnownFileType = file.storyboard; name = Base; path = Base.lproj/Main.storyboard; sourceTree = "<group>"; };
		3FEEB5712213C274003D322E /* Assets.xcassets */ = {isa = PBXFileReference; lastKnownFileType = folder.assetcatalog; path = Assets.xcassets; sourceTree = "<group>"; };
		3FEEB5742213C274003D322E /* Base */ = {isa = PBXFileReference; lastKnownFileType = file.storyboard; name = Base; path = Base.lproj/LaunchScreen.storyboard; sourceTree = "<group>"; };
		3FEEB5762213C274003D322E /* Info.plist */ = {isa = PBXFileReference; lastKnownFileType = text.plist.xml; path = Info.plist; sourceTree = "<group>"; };
		3FEEB57B2213C274003D322E /* flixterTests.xctest */ = {isa = PBXFileReference; explicitFileType = wrapper.cfbundle; includeInIndex = 0; path = flixterTests.xctest; sourceTree = BUILT_PRODUCTS_DIR; };
		3FEEB57F2213C274003D322E /* flixterTests.swift */ = {isa = PBXFileReference; lastKnownFileType = sourcecode.swift; path = flixterTests.swift; sourceTree = "<group>"; };
		3FEEB5812213C274003D322E /* Info.plist */ = {isa = PBXFileReference; lastKnownFileType = text.plist.xml; path = Info.plist; sourceTree = "<group>"; };
		3FEEB5862213C274003D322E /* flixterUITests.xctest */ = {isa = PBXFileReference; explicitFileType = wrapper.cfbundle; includeInIndex = 0; path = flixterUITests.xctest; sourceTree = BUILT_PRODUCTS_DIR; };
		3FEEB58A2213C274003D322E /* flixterUITests.swift */ = {isa = PBXFileReference; lastKnownFileType = sourcecode.swift; path = flixterUITests.swift; sourceTree = "<group>"; };
		3FEEB58C2213C274003D322E /* Info.plist */ = {isa = PBXFileReference; lastKnownFileType = text.plist.xml; path = Info.plist; sourceTree = "<group>"; };
/* End PBXFileReference section */

/* Begin PBXFrameworksBuildPhase section */
		3FEEB5642213C269003D322E /* Frameworks */ = {
			isa = PBXFrameworksBuildPhase;
			buildActionMask = 2147483647;
			files = (
			);
			runOnlyForDeploymentPostprocessing = 0;
		};
		3FEEB5782213C274003D322E /* Frameworks */ = {
			isa = PBXFrameworksBuildPhase;
			buildActionMask = 2147483647;
			files = (
			);
			runOnlyForDeploymentPostprocessing = 0;
		};
		3FEEB5832213C274003D322E /* Frameworks */ = {
			isa = PBXFrameworksBuildPhase;
			buildActionMask = 2147483647;
			files = (
			);
			runOnlyForDeploymentPostprocessing = 0;
		};
/* End PBXFrameworksBuildPhase section */

/* Begin PBXGroup section */
		3FEEB55E2213C269003D322E = {
			isa = PBXGroup;
			children = (
				3FEEB5692213C269003D322E /* flixter */,
				3FEEB57E2213C274003D322E /* flixterTests */,
				3FEEB5892213C274003D322E /* flixterUITests */,
				3FEEB5682213C269003D322E /* Products */,
			);
			sourceTree = "<group>";
		};
		3FEEB5682213C269003D322E /* Products */ = {
			isa = PBXGroup;
			children = (
				3FEEB5672213C269003D322E /* flixter.app */,
				3FEEB57B2213C274003D322E /* flixterTests.xctest */,
				3FEEB5862213C274003D322E /* flixterUITests.xctest */,
			);
			name = Products;
			sourceTree = "<group>";
		};
		3FEEB5692213C269003D322E /* flixter */ = {
			isa = PBXGroup;
			children = (
				3FEEB56A2213C269003D322E /* AppDelegate.swift */,
				3FEEB56C2213C269003D322E /* ViewController.swift */,
				3FEEB56E2213C269003D322E /* Main.storyboard */,
				3FEEB5712213C274003D322E /* Assets.xcassets */,
				3FEEB5732213C274003D322E /* LaunchScreen.storyboard */,
				3FEEB5762213C274003D322E /* Info.plist */,
			);
			path = flixter;
			sourceTree = "<group>";
		};
		3FEEB57E2213C274003D322E /* flixterTests */ = {
			isa = PBXGroup;
			children = (
				3FEEB57F2213C274003D322E /* flixterTests.swift */,
				3FEEB5812213C274003D322E /* Info.plist */,
			);
			path = flixterTests;
			sourceTree = "<group>";
		};
		3FEEB5892213C274003D322E /* flixterUITests */ = {
			isa = PBXGroup;
			children = (
				3FEEB58A2213C274003D322E /* flixterUITests.swift */,
				3FEEB58C2213C274003D322E /* Info.plist */,
			);
			path = flixterUITests;
			sourceTree = "<group>";
		};
/* End PBXGroup section */

/* Begin PBXNativeTarget section */
		3FEEB5662213C269003D322E /* flixter */ = {
			isa = PBXNativeTarget;
			buildConfigurationList = 3FEEB58F2213C274003D322E /* Build configuration list for PBXNativeTarget "flixter" */;
			buildPhases = (
				3FEEB5632213C269003D322E /* Sources */,
				3FEEB5642213C269003D322E /* Frameworks */,
				3FEEB5652213C269003D322E /* Resources */,
			);
			buildRules = (
			);
			dependencies = (
			);
			name = flixter;
			productName = flixter;
			productReference = 3FEEB5672213C269003D322E /* flixter.app */;
			productType = "com.apple.product-type.application";
		};
		3FEEB57A2213C274003D322E /* flixterTests */ = {
			isa = PBXNativeTarget;
			buildConfigurationList = 3FEEB5922213C274003D322E /* Build configuration list for PBXNativeTarget "flixterTests" */;
			buildPhases = (
				3FEEB5772213C274003D322E /* Sources */,
				3FEEB5782213C274003D322E /* Frameworks */,
				3FEEB5792213C274003D322E /* Resources */,
			);
			buildRules = (
			);
			dependencies = (
				3FEEB57D2213C274003D322E /* PBXTargetDependency */,
			);
			name = flixterTests;
			productName = flixterTests;
			productReference = 3FEEB57B2213C274003D322E /* flixterTests.xctest */;
			productType = "com.apple.product-type.bundle.unit-test";
		};
		3FEEB5852213C274003D322E /* flixterUITests */ = {
			isa = PBXNativeTarget;
			buildConfigurationList = 3FEEB5952213C274003D322E /* Build configuration list for PBXNativeTarget "flixterUITests" */;
			buildPhases = (
				3FEEB5822213C274003D322E /* Sources */,
				3FEEB5832213C274003D322E /* Frameworks */,
				3FEEB5842213C274003D322E /* Resources */,
			);
			buildRules = (
			);
			dependencies = (
				3FEEB5882213C274003D322E /* PBXTargetDependency */,
			);
			name = flixterUITests;
			productName = flixterUITests;
			productReference = 3FEEB5862213C274003D322E /* flixterUITests.xctest */;
			productType = "com.apple.product-type.bundle.ui-testing";
		};
/* End PBXNativeTarget section */

/* Begin PBXProject section */
		3FEEB55F2213C269003D322E /* Project object */ = {
			isa = PBXProject;
			attributes = {
				LastSwiftUpdateCheck = 1010;
				LastUpgradeCheck = 1010;
				ORGANIZATIONNAME = "Roy Zhang";
				TargetAttributes = {
					3FEEB5662213C269003D322E = {
						CreatedOnToolsVersion = 10.1;
					};
					3FEEB57A2213C274003D322E = {
						CreatedOnToolsVersion = 10.1;
						TestTargetID = 3FEEB5662213C269003D322E;
					};
					3FEEB5852213C274003D322E = {
						CreatedOnToolsVersion = 10.1;
						TestTargetID = 3FEEB5662213C269003D322E;
					};
				};
			};
			buildConfigurationList = 3FEEB5622213C269003D322E /* Build configuration list for PBXProject "flixter" */;
			compatibilityVersion = "Xcode 9.3";
			developmentRegion = en;
			hasScannedForEncodings = 0;
			knownRegions = (
				en,
				Base,
			);
			mainGroup = 3FEEB55E2213C269003D322E;
			productRefGroup = 3FEEB5682213C269003D322E /* Products */;
			projectDirPath = "";
			projectRoot = "";
			targets = (
				3FEEB5662213C269003D322E /* flixter */,
				3FEEB57A2213C274003D322E /* flixterTests */,
				3FEEB5852213C274003D322E /* flixterUITests */,
			);
		};
/* End PBXProject section */

/* Begin PBXResourcesBuildPhase section */
		3FEEB5652213C269003D322E /* Resources */ = {
			isa = PBXResourcesBuildPhase;
			buildActionMask = 2147483647;
			files = (
				3FEEB5752213C274003D322E /* LaunchScreen.storyboard in Resources */,
				3FEEB5722213C274003D322E /* Assets.xcassets in Resources */,
				3FEEB5702213C269003D322E /* Main.storyboard in Resources */,
			);
			runOnlyForDeploymentPostprocessing = 0;
		};
		3FEEB5792213C274003D322E /* Resources */ = {
			isa = PBXResourcesBuildPhase;
			buildActionMask = 2147483647;
			files = (
			);
			runOnlyForDeploymentPostprocessing = 0;
		};
		3FEEB5842213C274003D322E /* Resources */ = {
			isa = PBXResourcesBuildPhase;
			buildActionMask = 2147483647;
			files = (
			);
			runOnlyForDeploymentPostprocessing = 0;
		};
/* End PBXResourcesBuildPhase section */

/* Begin PBXSourcesBuildPhase section */
		3FEEB5632213C269003D322E /* Sources */ = {
			isa = PBXSourcesBuildPhase;
			buildActionMask = 2147483647;
			files = (
				3FEEB56D2213C269003D322E /* ViewController.swift in Sources */,
				3FEEB56B2213C269003D322E /* AppDelegate.swift in Sources */,
			);
			runOnlyForDeploymentPostprocessing = 0;
		};
		3FEEB5772213C274003D322E /* Sources */ = {
			isa = PBXSourcesBuildPhase;
			buildActionMask = 2147483647;
			files = (
				3FEEB5802213C274003D322E /* flixterTests.swift in Sources */,
			);
			runOnlyForDeploymentPostprocessing = 0;
		};
		3FEEB5822213C274003D322E /* Sources */ = {
			isa = PBXSourcesBuildPhase;
			buildActionMask = 2147483647;
			files = (
				3FEEB58B2213C274003D322E /* flixterUITests.swift in Sources */,
			);
			runOnlyForDeploymentPostprocessing = 0;
		};
/* End PBXSourcesBuildPhase section */

/* Begin PBXTargetDependency section */
		3FEEB57D2213C274003D322E /* PBXTargetDependency */ = {
			isa = PBXTargetDependency;
			target = 3FEEB5662213C269003D322E /* flixter */;
			targetProxy = 3FEEB57C2213C274003D322E /* PBXContainerItemProxy */;
		};
		3FEEB5882213C274003D322E /* PBXTargetDependency */ = {
			isa = PBXTargetDependency;
			target = 3FEEB5662213C269003D322E /* flixter */;
			targetProxy = 3FEEB5872213C274003D322E /* PBXContainerItemProxy */;
		};
/* End PBXTargetDependency section */

/* Begin PBXVariantGroup section */
		3FEEB56E2213C269003D322E /* Main.storyboard */ = {
			isa = PBXVariantGroup;
			children = (
				3FEEB56F2213C269003D322E /* Base */,
			);
			name = Main.storyboard;
			sourceTree = "<group>";
		};
		3FEEB5732213C274003D322E /* LaunchScreen.storyboard */ = {
			isa = PBXVariantGroup;
			children = (
				3FEEB5742213C274003D322E /* Base */,
			);
			name = LaunchScreen.storyboard;
			sourceTree = "<group>";
		};
/* End PBXVariantGroup section */

/* Begin XCBuildConfiguration section */
		3FEEB58D2213C274003D322E /* Debug */ = {
			isa = XCBuildConfiguration;
			buildSettings = {
				ALWAYS_SEARCH_USER_PATHS = NO;
				CLANG_ANALYZER_NONNULL = YES;
				CLANG_ANALYZER_NUMBER_OBJECT_CONVERSION = YES_AGGRESSIVE;
				CLANG_CXX_LANGUAGE_STANDARD = "gnu++14";
				CLANG_CXX_LIBRARY = "libc++";
				CLANG_ENABLE_MODULES = YES;
				CLANG_ENABLE_OBJC_ARC = YES;
				CLANG_ENABLE_OBJC_WEAK = YES;
				CLANG_WARN_BLOCK_CAPTURE_AUTORELEASING = YES;
				CLANG_WARN_BOOL_CONVERSION = YES;
				CLANG_WARN_COMMA = YES;
				CLANG_WARN_CONSTANT_CONVERSION = YES;
				CLANG_WARN_DEPRECATED_OBJC_IMPLEMENTATIONS = YES;
				CLANG_WARN_DIRECT_OBJC_ISA_USAGE = YES_ERROR;
				CLANG_WARN_DOCUMENTATION_COMMENTS = YES;
				CLANG_WARN_EMPTY_BODY = YES;
				CLANG_WARN_ENUM_CONVERSION = YES;
				CLANG_WARN_INFINITE_RECURSION = YES;
				CLANG_WARN_INT_CONVERSION = YES;
				CLANG_WARN_NON_LITERAL_NULL_CONVERSION = YES;
				CLANG_WARN_OBJC_IMPLICIT_RETAIN_SELF = YES;
				CLANG_WARN_OBJC_LITERAL_CONVERSION = YES;
				CLANG_WARN_OBJC_ROOT_CLASS = YES_ERROR;
				CLANG_WARN_RANGE_LOOP_ANALYSIS = YES;
				CLANG_WARN_STRICT_PROTOTYPES = YES;
				CLANG_WARN_SUSPICIOUS_MOVE = YES;
				CLANG_WARN_UNGUARDED_AVAILABILITY = YES_AGGRESSIVE;
				CLANG_WARN_UNREACHABLE_CODE = YES;
				CLANG_WARN__DUPLICATE_METHOD_MATCH = YES;
				CODE_SIGN_IDENTITY = "iPhone Developer";
				COPY_PHASE_STRIP = NO;
				DEBUG_INFORMATION_FORMAT = dwarf;
				ENABLE_STRICT_OBJC_MSGSEND = YES;
				ENABLE_TESTABILITY = YES;
				GCC_C_LANGUAGE_STANDARD = gnu11;
				GCC_DYNAMIC_NO_PIC = NO;
				GCC_NO_COMMON_BLOCKS = YES;
				GCC_OPTIMIZATION_LEVEL = 0;
				GCC_PREPROCESSOR_DEFINITIONS = (
					"DEBUG=1",
					"$(inherited)",
				);
				GCC_WARN_64_TO_32_BIT_CONVERSION = YES;
				GCC_WARN_ABOUT_RETURN_TYPE = YES_ERROR;
				GCC_WARN_UNDECLARED_SELECTOR = YES;
				GCC_WARN_UNINITIALIZED_AUTOS = YES_AGGRESSIVE;
				GCC_WARN_UNUSED_FUNCTION = YES;
				GCC_WARN_UNUSED_VARIABLE = YES;
				IPHONEOS_DEPLOYMENT_TARGET = 12.1;
				MTL_ENABLE_DEBUG_INFO = INCLUDE_SOURCE;
				MTL_FAST_MATH = YES;
				ONLY_ACTIVE_ARCH = YES;
				SDKROOT = iphoneos;
				SWIFT_ACTIVE_COMPILATION_CONDITIONS = DEBUG;
				SWIFT_OPTIMIZATION_LEVEL = "-Onone";
			};
			name = Debug;
		};
		3FEEB58E2213C274003D322E /* Release */ = {
			isa = XCBuildConfiguration;
			buildSettings = {
				ALWAYS_SEARCH_USER_PATHS = NO;
				CLANG_ANALYZER_NONNULL = YES;
				CLANG_ANALYZER_NUMBER_OBJECT_CONVERSION = YES_AGGRESSIVE;
				CLANG_CXX_LANGUAGE_STANDARD = "gnu++14";
				CLANG_CXX_LIBRARY = "libc++";
				CLANG_ENABLE_MODULES = YES;
				CLANG_ENABLE_OBJC_ARC = YES;
				CLANG_ENABLE_OBJC_WEAK = YES;
				CLANG_WARN_BLOCK_CAPTURE_AUTORELEASING = YES;
				CLANG_WARN_BOOL_CONVERSION = YES;
				CLANG_WARN_COMMA = YES;
				CLANG_WARN_CONSTANT_CONVERSION = YES;
				CLANG_WARN_DEPRECATED_OBJC_IMPLEMENTATIONS = YES;
				CLANG_WARN_DIRECT_OBJC_ISA_USAGE = YES_ERROR;
				CLANG_WARN_DOCUMENTATION_COMMENTS = YES;
				CLANG_WARN_EMPTY_BODY = YES;
				CLANG_WARN_ENUM_CONVERSION = YES;
				CLANG_WARN_INFINITE_RECURSION = YES;
				CLANG_WARN_INT_CONVERSION = YES;
				CLANG_WARN_NON_LITERAL_NULL_CONVERSION = YES;
				CLANG_WARN_OBJC_IMPLICIT_RETAIN_SELF = YES;
				CLANG_WARN_OBJC_LITERAL_CONVERSION = YES;
				CLANG_WARN_OBJC_ROOT_CLASS = YES_ERROR;
				CLANG_WARN_RANGE_LOOP_ANALYSIS = YES;
				CLANG_WARN_STRICT_PROTOTYPES = YES;
				CLANG_WARN_SUSPICIOUS_MOVE = YES;
				CLANG_WARN_UNGUARDED_AVAILABILITY = YES_AGGRESSIVE;
				CLANG_WARN_UNREACHABLE_CODE = YES;
				CLANG_WARN__DUPLICATE_METHOD_MATCH = YES;
				CODE_SIGN_IDENTITY = "iPhone Developer";
				COPY_PHASE_STRIP = NO;
				DEBUG_INFORMATION_FORMAT = "dwarf-with-dsym";
				ENABLE_NS_ASSERTIONS = NO;
				ENABLE_STRICT_OBJC_MSGSEND = YES;
				GCC_C_LANGUAGE_STANDARD = gnu11;
				GCC_NO_COMMON_BLOCKS = YES;
				GCC_WARN_64_TO_32_BIT_CONVERSION = YES;
				GCC_WARN_ABOUT_RETURN_TYPE = YES_ERROR;
				GCC_WARN_UNDECLARED_SELECTOR = YES;
				GCC_WARN_UNINITIALIZED_AUTOS = YES_AGGRESSIVE;
				GCC_WARN_UNUSED_FUNCTION = YES;
				GCC_WARN_UNUSED_VARIABLE = YES;
				IPHONEOS_DEPLOYMENT_TARGET = 12.1;
				MTL_ENABLE_DEBUG_INFO = NO;
				MTL_FAST_MATH = YES;
				SDKROOT = iphoneos;
				SWIFT_COMPILATION_MODE = wholemodule;
				SWIFT_OPTIMIZATION_LEVEL = "-O";
				VALIDATE_PRODUCT = YES;
			};
			name = Release;
		};
		3FEEB5902213C274003D322E /* Debug */ = {
			isa = XCBuildConfiguration;
			buildSettings = {
				ASSETCATALOG_COMPILER_APPICON_NAME = AppIcon;
				CODE_SIGN_STYLE = Automatic;
				INFOPLIST_FILE = flixter/Info.plist;
				LD_RUNPATH_SEARCH_PATHS = (
					"$(inherited)",
					"@executable_path/Frameworks",
				);
				PRODUCT_BUNDLE_IDENTIFIER = roy.flixter;
				PRODUCT_NAME = "$(TARGET_NAME)";
				SWIFT_VERSION = 4.2;
				TARGETED_DEVICE_FAMILY = "1,2";
			};
			name = Debug;
		};
		3FEEB5912213C274003D322E /* Release */ = {
			isa = XCBuildConfiguration;
			buildSettings = {
				ASSETCATALOG_COMPILER_APPICON_NAME = AppIcon;
				CODE_SIGN_STYLE = Automatic;
				INFOPLIST_FILE = flixter/Info.plist;
				LD_RUNPATH_SEARCH_PATHS = (
					"$(inherited)",
					"@executable_path/Frameworks",
				);
				PRODUCT_BUNDLE_IDENTIFIER = roy.flixter;
				PRODUCT_NAME = "$(TARGET_NAME)";
				SWIFT_VERSION = 4.2;
				TARGETED_DEVICE_FAMILY = "1,2";
			};
			name = Release;
		};
		3FEEB5932213C274003D322E /* Debug */ = {
			isa = XCBuildConfiguration;
			buildSettings = {
				ALWAYS_EMBED_SWIFT_STANDARD_LIBRARIES = YES;
				BUNDLE_LOADER = "$(TEST_HOST)";
				CODE_SIGN_STYLE = Automatic;
				INFOPLIST_FILE = flixterTests/Info.plist;
				LD_RUNPATH_SEARCH_PATHS = (
					"$(inherited)",
					"@executable_path/Frameworks",
					"@loader_path/Frameworks",
				);
				PRODUCT_BUNDLE_IDENTIFIER = roy.flixterTests;
				PRODUCT_NAME = "$(TARGET_NAME)";
				SWIFT_VERSION = 4.2;
				TARGETED_DEVICE_FAMILY = "1,2";
				TEST_HOST = "$(BUILT_PRODUCTS_DIR)/flixter.app/flixter";
			};
			name = Debug;
		};
		3FEEB5942213C274003D322E /* Release */ = {
			isa = XCBuildConfiguration;
			buildSettings = {
				ALWAYS_EMBED_SWIFT_STANDARD_LIBRARIES = YES;
				BUNDLE_LOADER = "$(TEST_HOST)";
				CODE_SIGN_STYLE = Automatic;
				INFOPLIST_FILE = flixterTests/Info.plist;
				LD_RUNPATH_SEARCH_PATHS = (
					"$(inherited)",
					"@executable_path/Frameworks",
					"@loader_path/Frameworks",
				);
				PRODUCT_BUNDLE_IDENTIFIER = roy.flixterTests;
				PRODUCT_NAME = "$(TARGET_NAME)";
				SWIFT_VERSION = 4.2;
				TARGETED_DEVICE_FAMILY = "1,2";
				TEST_HOST = "$(BUILT_PRODUCTS_DIR)/flixter.app/flixter";
			};
			name = Release;
		};
		3FEEB5962213C274003D322E /* Debug */ = {
			isa = XCBuildConfiguration;
			buildSettings = {
				ALWAYS_EMBED_SWIFT_STANDARD_LIBRARIES = YES;
				CODE_SIGN_STYLE = Automatic;
				INFOPLIST_FILE = flixterUITests/Info.plist;
				LD_RUNPATH_SEARCH_PATHS = (
					"$(inherited)",
					"@executable_path/Frameworks",
					"@loader_path/Frameworks",
				);
				PRODUCT_BUNDLE_IDENTIFIER = roy.flixterUITests;
				PRODUCT_NAME = "$(TARGET_NAME)";
				SWIFT_VERSION = 4.2;
				TARGETED_DEVICE_FAMILY = "1,2";
				TEST_TARGET_NAME = flixter;
			};
			name = Debug;
		};
		3FEEB5972213C274003D322E /* Release */ = {
			isa = XCBuildConfiguration;
			buildSettings = {
				ALWAYS_EMBED_SWIFT_STANDARD_LIBRARIES = YES;
				CODE_SIGN_STYLE = Automatic;
				INFOPLIST_FILE = flixterUITests/Info.plist;
				LD_RUNPATH_SEARCH_PATHS = (
					"$(inherited)",
					"@executable_path/Frameworks",
					"@loader_path/Frameworks",
				);
				PRODUCT_BUNDLE_IDENTIFIER = roy.flixterUITests;
				PRODUCT_NAME = "$(TARGET_NAME)";
				SWIFT_VERSION = 4.2;
				TARGETED_DEVICE_FAMILY = "1,2";
				TEST_TARGET_NAME = flixter;
			};
			name = Release;
		};
/* End XCBuildConfiguration section */

/* Begin XCConfigurationList section */
		3FEEB5622213C269003D322E /* Build configuration list for PBXProject "flixter" */ = {
			isa = XCConfigurationList;
			buildConfigurations = (
				3FEEB58D2213C274003D322E /* Debug */,
				3FEEB58E2213C274003D322E /* Release */,
			);
			defaultConfigurationIsVisible = 0;
			defaultConfigurationName = Release;
		};
		3FEEB58F2213C274003D322E /* Build configuration list for PBXNativeTarget "flixter" */ = {
			isa = XCConfigurationList;
			buildConfigurations = (
				3FEEB5902213C274003D322E /* Debug */,
				3FEEB5912213C274003D322E /* Release */,
			);
			defaultConfigurationIsVisible = 0;
			defaultConfigurationName = Release;
		};
		3FEEB5922213C274003D322E /* Build configuration list for PBXNativeTarget "flixterTests" */ = {
			isa = XCConfigurationList;
			buildConfigurations = (
				3FEEB5932213C274003D322E /* Debug */,
				3FEEB5942213C274003D322E /* Release */,
			);
			defaultConfigurationIsVisible = 0;
			defaultConfigurationName = Release;
		};
		3FEEB5952213C274003D322E /* Build configuration list for PBXNativeTarget "flixterUITests" */ = {
			isa = XCConfigurationList;
			buildConfigurations = (
				3FEEB5962213C274003D322E /* Debug */,
				3FEEB5972213C274003D322E /* Release */,
			);
			defaultConfigurationIsVisible = 0;
			defaultConfigurationName = Release;
		};
/* End XCConfigurationList section */
	};
	rootObject = 3FEEB55F2213C269003D322E /* Project object */;
}
